
Microsoft Visual Studio Solution File, Format Version 12.00
# Visual Studio Version 16
VisualStudioVersion = 16.0.30621.155
MinimumVisualStudioVersion = 10.0.40219.1
Project("{FAE04EC0-301F-11D3-BF4B-00C04F79EFBC}") = "api_publicidade", "api_publicidade\api_publicidade.csproj", "{EF2CE639-DD5E-4274-9621-8C80A33557FC}"
EndProject
Global
	GlobalSection(SolutionConfigurationPlatforms) = preSolution
		Debug|Any CPU = Debug|Any CPU
		Release|Any CPU = Release|Any CPU
	EndGlobalSection
	GlobalSection(ProjectConfigurationPlatforms) = postSolution
		{EF2CE639-DD5E-4274-9621-8C80A33557FC}.Debug|Any CPU.ActiveCfg = Debug|Any CPU
		{EF2CE639-DD5E-4274-9621-8C80A33557FC}.Debug|Any CPU.Build.0 = Debug|Any CPU
		{EF2CE639-DD5E-4274-9621-8C80A33557FC}.Release|Any CPU.ActiveCfg = Release|Any CPU
		{EF2CE639-DD5E-4274-9621-8C80A33557FC}.Release|Any CPU.Build.0 = Release|Any CPU
	EndGlobalSection
	GlobalSection(SolutionProperties) = preSolution
		HideSolutionNode = FALSE
	EndGlobalSection
	GlobalSection(ExtensibilityGlobals) = postSolution
		SolutionGuid = {1BB331DA-8584-4D58-A8A0-A4D74F563429}
	EndGlobalSection
EndGlobal
